// !$*UTF8*$!
{
	archiveVersion = 1;
	classes = {
	};
	objectVersion = 50;
	objects = {

/* Begin PBXBuildFile section */
		3C4BECDB267FE418006D069C /* AppDelegate.swift in Sources */ = {isa = PBXBuildFile; fileRef = 3C4BECDA267FE418006D069C /* AppDelegate.swift */; };
		3C4BECDD267FE418006D069C /* SceneDelegate.swift in Sources */ = {isa = PBXBuildFile; fileRef = 3C4BECDC267FE418006D069C /* SceneDelegate.swift */; };
		3C4BECDF267FE418006D069C /* ViewController.swift in Sources */ = {isa = PBXBuildFile; fileRef = 3C4BECDE267FE418006D069C /* ViewController.swift */; };
		3C4BECE2267FE418006D069C /* Main.storyboard in Resources */ = {isa = PBXBuildFile; fileRef = 3C4BECE0267FE418006D069C /* Main.storyboard */; };
		3C4BECE4267FE418006D069C /* Assets.xcassets in Resources */ = {isa = PBXBuildFile; fileRef = 3C4BECE3267FE418006D069C /* Assets.xcassets */; };
		3C4BECE7267FE418006D069C /* LaunchScreen.storyboard in Resources */ = {isa = PBXBuildFile; fileRef = 3C4BECE5267FE418006D069C /* LaunchScreen.storyboard */; };
		3C4BECF2267FE418006D069C /* SampleWebViewTests.swift in Sources */ = {isa = PBXBuildFile; fileRef = 3C4BECF1267FE418006D069C /* SampleWebViewTests.swift */; };
		3C4BECFD267FE418006D069C /* SampleWebViewUITests.swift in Sources */ = {isa = PBXBuildFile; fileRef = 3C4BECFC267FE418006D069C /* SampleWebViewUITests.swift */; };
/* End PBXBuildFile section */

/* Begin PBXContainerItemProxy section */
		3C4BECEE267FE418006D069C /* PBXContainerItemProxy */ = {
			isa = PBXContainerItemProxy;
			containerPortal = 3C4BECCF267FE418006D069C /* Project object */;
			proxyType = 1;
			remoteGlobalIDString = 3C4BECD6267FE418006D069C;
			remoteInfo = SampleWebView;
		};
		3C4BECF9267FE418006D069C /* PBXContainerItemProxy */ = {
			isa = PBXContainerItemProxy;
			containerPortal = 3C4BECCF267FE418006D069C /* Project object */;
			proxyType = 1;
			remoteGlobalIDString = 3C4BECD6267FE418006D069C;
			remoteInfo = SampleWebView;
		};
/* End PBXContainerItemProxy section */

/* Begin PBXFileReference section */
		3C4BECD7267FE418006D069C /* SampleWebView.app */ = {isa = PBXFileReference; explicitFileType = wrapper.application; includeInIndex = 0; path = SampleWebView.app; sourceTree = BUILT_PRODUCTS_DIR; };
		3C4BECDA267FE418006D069C /* AppDelegate.swift */ = {isa = PBXFileReference; lastKnownFileType = sourcecode.swift; path = AppDelegate.swift; sourceTree = "<group>"; };
		3C4BECDC267FE418006D069C /* SceneDelegate.swift */ = {isa = PBXFileReference; lastKnownFileType = sourcecode.swift; path = SceneDelegate.swift; sourceTree = "<group>"; };
		3C4BECDE267FE418006D069C /* ViewController.swift */ = {isa = PBXFileReference; lastKnownFileType = sourcecode.swift; path = ViewController.swift; sourceTree = "<group>"; };
		3C4BECE1267FE418006D069C /* Base */ = {isa = PBXFileReference; lastKnownFileType = file.storyboard; name = Base; path = Base.lproj/Main.storyboard; sourceTree = "<group>"; };
		3C4BECE3267FE418006D069C /* Assets.xcassets */ = {isa = PBXFileReference; lastKnownFileType = folder.assetcatalog; path = Assets.xcassets; sourceTree = "<group>"; };
		3C4BECE6267FE418006D069C /* Base */ = {isa = PBXFileReference; lastKnownFileType = file.storyboard; name = Base; path = Base.lproj/LaunchScreen.storyboard; sourceTree = "<group>"; };
		3C4BECE8267FE418006D069C /* Info.plist */ = {isa = PBXFileReference; lastKnownFileType = text.plist.xml; path = Info.plist; sourceTree = "<group>"; };
		3C4BECED267FE418006D069C /* SampleWebViewTests.xctest */ = {isa = PBXFileReference; explicitFileType = wrapper.cfbundle; includeInIndex = 0; path = SampleWebViewTests.xctest; sourceTree = BUILT_PRODUCTS_DIR; };
		3C4BECF1267FE418006D069C /* SampleWebViewTests.swift */ = {isa = PBXFileReference; lastKnownFileType = sourcecode.swift; path = SampleWebViewTests.swift; sourceTree = "<group>"; };
		3C4BECF3267FE418006D069C /* Info.plist */ = {isa = PBXFileReference; lastKnownFileType = text.plist.xml; path = Info.plist; sourceTree = "<group>"; };
		3C4BECF8267FE418006D069C /* SampleWebViewUITests.xctest */ = {isa = PBXFileReference; explicitFileType = wrapper.cfbundle; includeInIndex = 0; path = SampleWebViewUITests.xctest; sourceTree = BUILT_PRODUCTS_DIR; };
		3C4BECFC267FE418006D069C /* SampleWebViewUITests.swift */ = {isa = PBXFileReference; lastKnownFileType = sourcecode.swift; path = SampleWebViewUITests.swift; sourceTree = "<group>"; };
		3C4BECFE267FE418006D069C /* Info.plist */ = {isa = PBXFileReference; lastKnownFileType = text.plist.xml; path = Info.plist; sourceTree = "<group>"; };
/* End PBXFileReference section */

/* Begin PBXFrameworksBuildPhase section */
		3C4BECD4267FE418006D069C /* Frameworks */ = {
			isa = PBXFrameworksBuildPhase;
			buildActionMask = 2147483647;
			files = (
			);
			runOnlyForDeploymentPostprocessing = 0;
		};
		3C4BECEA267FE418006D069C /* Frameworks */ = {
			isa = PBXFrameworksBuildPhase;
			buildActionMask = 2147483647;
			files = (
			);
			runOnlyForDeploymentPostprocessing = 0;
		};
		3C4BECF5267FE418006D069C /* Frameworks */ = {
			isa = PBXFrameworksBuildPhase;
			buildActionMask = 2147483647;
			files = (
			);
			runOnlyForDeploymentPostprocessing = 0;
		};
/* End PBXFrameworksBuildPhase section */

/* Begin PBXGroup section */
		3C4BECCE267FE418006D069C = {
			isa = PBXGroup;
			children = (
				3C4BECD9267FE418006D069C /* SampleWebView */,
				3C4BECF0267FE418006D069C /* SampleWebViewTests */,
				3C4BECFB267FE418006D069C /* SampleWebViewUITests */,
				3C4BECD8267FE418006D069C /* Products */,
			);
			sourceTree = "<group>";
		};
		3C4BECD8267FE418006D069C /* Products */ = {
			isa = PBXGroup;
			children = (
				3C4BECD7267FE418006D069C /* SampleWebView.app */,
				3C4BECED267FE418006D069C /* SampleWebViewTests.xctest */,
				3C4BECF8267FE418006D069C /* SampleWebViewUITests.xctest */,
			);
			name = Products;
			sourceTree = "<group>";
		};
		3C4BECD9267FE418006D069C /* SampleWebView */ = {
			isa = PBXGroup;
			children = (
				3C4BECDA267FE418006D069C /* AppDelegate.swift */,
				3C4BECDC267FE418006D069C /* SceneDelegate.swift */,
				3C4BECDE267FE418006D069C /* ViewController.swift */,
				3C4BECE0267FE418006D069C /* Main.storyboard */,
				3C4BECE3267FE418006D069C /* Assets.xcassets */,
				3C4BECE5267FE418006D069C /* LaunchScreen.storyboard */,
				3C4BECE8267FE418006D069C /* Info.plist */,
			);
			path = SampleWebView;
			sourceTree = "<group>";
		};
		3C4BECF0267FE418006D069C /* SampleWebViewTests */ = {
			isa = PBXGroup;
			children = (
				3C4BECF1267FE418006D069C /* SampleWebViewTests.swift */,
				3C4BECF3267FE418006D069C /* Info.plist */,
			);
			path = SampleWebViewTests;
			sourceTree = "<group>";
		};
		3C4BECFB267FE418006D069C /* SampleWebViewUITests */ = {
			isa = PBXGroup;
			children = (
				3C4BECFC267FE418006D069C /* SampleWebViewUITests.swift */,
				3C4BECFE267FE418006D069C /* Info.plist */,
			);
			path = SampleWebViewUITests;
			sourceTree = "<group>";
		};
/* End PBXGroup section */

/* Begin PBXNativeTarget section */
		3C4BECD6267FE418006D069C /* SampleWebView */ = {
			isa = PBXNativeTarget;
			buildConfigurationList = 3C4BED01267FE418006D069C /* Build configuration list for PBXNativeTarget "SampleWebView" */;
			buildPhases = (
				3C4BECD3267FE418006D069C /* Sources */,
				3C4BECD4267FE418006D069C /* Frameworks */,
				3C4BECD5267FE418006D069C /* Resources */,
			);
			buildRules = (
			);
			dependencies = (
			);
			name = SampleWebView;
			productName = SampleWebView;
			productReference = 3C4BECD7267FE418006D069C /* SampleWebView.app */;
			productType = "com.apple.product-type.application";
		};
		3C4BECEC267FE418006D069C /* SampleWebViewTests */ = {
			isa = PBXNativeTarget;
			buildConfigurationList = 3C4BED04267FE418006D069C /* Build configuration list for PBXNativeTarget "SampleWebViewTests" */;
			buildPhases = (
				3C4BECE9267FE418006D069C /* Sources */,
				3C4BECEA267FE418006D069C /* Frameworks */,
				3C4BECEB267FE418006D069C /* Resources */,
			);
			buildRules = (
			);
			dependencies = (
				3C4BECEF267FE418006D069C /* PBXTargetDependency */,
			);
			name = SampleWebViewTests;
			productName = SampleWebViewTests;
			productReference = 3C4BECED267FE418006D069C /* SampleWebViewTests.xctest */;
			productType = "com.apple.product-type.bundle.unit-test";
		};
		3C4BECF7267FE418006D069C /* SampleWebViewUITests */ = {
			isa = PBXNativeTarget;
			buildConfigurationList = 3C4BED07267FE418006D069C /* Build configuration list for PBXNativeTarget "SampleWebViewUITests" */;
			buildPhases = (
				3C4BECF4267FE418006D069C /* Sources */,
				3C4BECF5267FE418006D069C /* Frameworks */,
				3C4BECF6267FE418006D069C /* Resources */,
			);
			buildRules = (
			);
			dependencies = (
				3C4BECFA267FE418006D069C /* PBXTargetDependency */,
			);
			name = SampleWebViewUITests;
			productName = SampleWebViewUITests;
			productReference = 3C4BECF8267FE418006D069C /* SampleWebViewUITests.xctest */;
			productType = "com.apple.product-type.bundle.ui-testing";
		};
/* End PBXNativeTarget section */

/* Begin PBXProject section */
		3C4BECCF267FE418006D069C /* Project object */ = {
			isa = PBXProject;
			attributes = {
				LastSwiftUpdateCheck = 1250;
				LastUpgradeCheck = 1250;
				TargetAttributes = {
					3C4BECD6267FE418006D069C = {
						CreatedOnToolsVersion = 12.5;
					};
					3C4BECEC267FE418006D069C = {
						CreatedOnToolsVersion = 12.5;
						TestTargetID = 3C4BECD6267FE418006D069C;
					};
					3C4BECF7267FE418006D069C = {
						CreatedOnToolsVersion = 12.5;
						TestTargetID = 3C4BECD6267FE418006D069C;
					};
				};
			};
			buildConfigurationList = 3C4BECD2267FE418006D069C /* Build configuration list for PBXProject "SampleWebView" */;
			compatibilityVersion = "Xcode 9.3";
			developmentRegion = en;
			hasScannedForEncodings = 0;
			knownRegions = (
				en,
				Base,
			);
			mainGroup = 3C4BECCE267FE418006D069C;
			productRefGroup = 3C4BECD8267FE418006D069C /* Products */;
			projectDirPath = "";
			projectRoot = "";
			targets = (
				3C4BECD6267FE418006D069C /* SampleWebView */,
				3C4BECEC267FE418006D069C /* SampleWebViewTests */,
				3C4BECF7267FE418006D069C /* SampleWebViewUITests */,
			);
		};
/* End PBXProject section */

/* Begin PBXResourcesBuildPhase section */
		3C4BECD5267FE418006D069C /* Resources */ = {
			isa = PBXResourcesBuildPhase;
			buildActionMask = 2147483647;
			files = (
				3C4BECE7267FE418006D069C /* LaunchScreen.storyboard in Resources */,
				3C4BECE4267FE418006D069C /* Assets.xcassets in Resources */,
				3C4BECE2267FE418006D069C /* Main.storyboard in Resources */,
			);
			runOnlyForDeploymentPostprocessing = 0;
		};
		3C4BECEB267FE418006D069C /* Resources */ = {
			isa = PBXResourcesBuildPhase;
			buildActionMask = 2147483647;
			files = (
			);
			runOnlyForDeploymentPostprocessing = 0;
		};
		3C4BECF6267FE418006D069C /* Resources */ = {
			isa = PBXResourcesBuildPhase;
			buildActionMask = 2147483647;
			files = (
			);
			runOnlyForDeploymentPostprocessing = 0;
		};
/* End PBXResourcesBuildPhase section */

/* Begin PBXSourcesBuildPhase section */
		3C4BECD3267FE418006D069C /* Sources */ = {
			isa = PBXSourcesBuildPhase;
			buildActionMask = 2147483647;
			files = (
				3C4BECDF267FE418006D069C /* ViewController.swift in Sources */,
				3C4BECDB267FE418006D069C /* AppDelegate.swift in Sources */,
				3C4BECDD267FE418006D069C /* SceneDelegate.swift in Sources */,
			);
			runOnlyForDeploymentPostprocessing = 0;
		};
		3C4BECE9267FE418006D069C /* Sources */ = {
			isa = PBXSourcesBuildPhase;
			buildActionMask = 2147483647;
			files = (
				3C4BECF2267FE418006D069C /* SampleWebViewTests.swift in Sources */,
			);
			runOnlyForDeploymentPostprocessing = 0;
		};
		3C4BECF4267FE418006D069C /* Sources */ = {
			isa = PBXSourcesBuildPhase;
			buildActionMask = 2147483647;
			files = (
				3C4BECFD267FE418006D069C /* SampleWebViewUITests.swift in Sources */,
			);
			runOnlyForDeploymentPostprocessing = 0;
		};
/* End PBXSourcesBuildPhase section */

/* Begin PBXTargetDependency section */
		3C4BECEF267FE418006D069C /* PBXTargetDependency */ = {
			isa = PBXTargetDependency;
			target = 3C4BECD6267FE418006D069C /* SampleWebView */;
			targetProxy = 3C4BECEE267FE418006D069C /* PBXContainerItemProxy */;
		};
		3C4BECFA267FE418006D069C /* PBXTargetDependency */ = {
			isa = PBXTargetDependency;
			target = 3C4BECD6267FE418006D069C /* SampleWebView */;
			targetProxy = 3C4BECF9267FE418006D069C /* PBXContainerItemProxy */;
		};
/* End PBXTargetDependency section */

/* Begin PBXVariantGroup section */
		3C4BECE0267FE418006D069C /* Main.storyboard */ = {
			isa = PBXVariantGroup;
			children = (
				3C4BECE1267FE418006D069C /* Base */,
			);
			name = Main.storyboard;
			sourceTree = "<group>";
		};
		3C4BECE5267FE418006D069C /* LaunchScreen.storyboard */ = {
			isa = PBXVariantGroup;
			children = (
				3C4BECE6267FE418006D069C /* Base */,
			);
			name = LaunchScreen.storyboard;
			sourceTree = "<group>";
		};
/* End PBXVariantGroup section */

/* Begin XCBuildConfiguration section */
		3C4BECFF267FE418006D069C /* Debug */ = {
			isa = XCBuildConfiguration;
			buildSettings = {
				ALWAYS_SEARCH_USER_PATHS = NO;
				CLANG_ANALYZER_NONNULL = YES;
				CLANG_ANALYZER_NUMBER_OBJECT_CONVERSION = YES_AGGRESSIVE;
				CLANG_CXX_LANGUAGE_STANDARD = "gnu++14";
				CLANG_CXX_LIBRARY = "libc++";
				CLANG_ENABLE_MODULES = YES;
				CLANG_ENABLE_OBJC_ARC = YES;
				CLANG_ENABLE_OBJC_WEAK = YES;
				CLANG_WARN_BLOCK_CAPTURE_AUTORELEASING = YES;
				CLANG_WARN_BOOL_CONVERSION = YES;
				CLANG_WARN_COMMA = YES;
				CLANG_WARN_CONSTANT_CONVERSION = YES;
				CLANG_WARN_DEPRECATED_OBJC_IMPLEMENTATIONS = YES;
				CLANG_WARN_DIRECT_OBJC_ISA_USAGE = YES_ERROR;
				CLANG_WARN_DOCUMENTATION_COMMENTS = YES;
				CLANG_WARN_EMPTY_BODY = YES;
				CLANG_WARN_ENUM_CONVERSION = YES;
				CLANG_WARN_INFINITE_RECURSION = YES;
				CLANG_WARN_INT_CONVERSION = YES;
				CLANG_WARN_NON_LITERAL_NULL_CONVERSION = YES;
				CLANG_WARN_OBJC_IMPLICIT_RETAIN_SELF = YES;
				CLANG_WARN_OBJC_LITERAL_CONVERSION = YES;
				CLANG_WARN_OBJC_ROOT_CLASS = YES_ERROR;
				CLANG_WARN_QUOTED_INCLUDE_IN_FRAMEWORK_HEADER = YES;
				CLANG_WARN_RANGE_LOOP_ANALYSIS = YES;
				CLANG_WARN_STRICT_PROTOTYPES = YES;
				CLANG_WARN_SUSPICIOUS_MOVE = YES;
				CLANG_WARN_UNGUARDED_AVAILABILITY = YES_AGGRESSIVE;
				CLANG_WARN_UNREACHABLE_CODE = YES;
				CLANG_WARN__DUPLICATE_METHOD_MATCH = YES;
				COPY_PHASE_STRIP = NO;
				DEBUG_INFORMATION_FORMAT = dwarf;
				ENABLE_STRICT_OBJC_MSGSEND = YES;
				ENABLE_TESTABILITY = YES;
				GCC_C_LANGUAGE_STANDARD = gnu11;
				GCC_DYNAMIC_NO_PIC = NO;
				GCC_NO_COMMON_BLOCKS = YES;
				GCC_OPTIMIZATION_LEVEL = 0;
				GCC_PREPROCESSOR_DEFINITIONS = (
					"DEBUG=1",
					"$(inherited)",
				);
				GCC_WARN_64_TO_32_BIT_CONVERSION = YES;
				GCC_WARN_ABOUT_RETURN_TYPE = YES_ERROR;
				GCC_WARN_UNDECLARED_SELECTOR = YES;
				GCC_WARN_UNINITIALIZED_AUTOS = YES_AGGRESSIVE;
				GCC_WARN_UNUSED_FUNCTION = YES;
				GCC_WARN_UNUSED_VARIABLE = YES;
				IPHONEOS_DEPLOYMENT_TARGET = 14.5;
				MTL_ENABLE_DEBUG_INFO = INCLUDE_SOURCE;
				MTL_FAST_MATH = YES;
				ONLY_ACTIVE_ARCH = YES;
				SDKROOT = iphoneos;
				SWIFT_ACTIVE_COMPILATION_CONDITIONS = DEBUG;
				SWIFT_OPTIMIZATION_LEVEL = "-Onone";
			};
			name = Debug;
		};
		3C4BED00267FE418006D069C /* Release */ = {
			isa = XCBuildConfiguration;
			buildSettings = {
				ALWAYS_SEARCH_USER_PATHS = NO;
				CLANG_ANALYZER_NONNULL = YES;
				CLANG_ANALYZER_NUMBER_OBJECT_CONVERSION = YES_AGGRESSIVE;
				CLANG_CXX_LANGUAGE_STANDARD = "gnu++14";
				CLANG_CXX_LIBRARY = "libc++";
				CLANG_ENABLE_MODULES = YES;
				CLANG_ENABLE_OBJC_ARC = YES;
				CLANG_ENABLE_OBJC_WEAK = YES;
				CLANG_WARN_BLOCK_CAPTURE_AUTORELEASING = YES;
				CLANG_WARN_BOOL_CONVERSION = YES;
				CLANG_WARN_COMMA = YES;
				CLANG_WARN_CONSTANT_CONVERSION = YES;
				CLANG_WARN_DEPRECATED_OBJC_IMPLEMENTATIONS = YES;
				CLANG_WARN_DIRECT_OBJC_ISA_USAGE = YES_ERROR;
				CLANG_WARN_DOCUMENTATION_COMMENTS = YES;
				CLANG_WARN_EMPTY_BODY = YES;
				CLANG_WARN_ENUM_CONVERSION = YES;
				CLANG_WARN_INFINITE_RECURSION = YES;
				CLANG_WARN_INT_CONVERSION = YES;
				CLANG_WARN_NON_LITERAL_NULL_CONVERSION = YES;
				CLANG_WARN_OBJC_IMPLICIT_RETAIN_SELF = YES;
				CLANG_WARN_OBJC_LITERAL_CONVERSION = YES;
				CLANG_WARN_OBJC_ROOT_CLASS = YES_ERROR;
				CLANG_WARN_QUOTED_INCLUDE_IN_FRAMEWORK_HEADER = YES;
				CLANG_WARN_RANGE_LOOP_ANALYSIS = YES;
				CLANG_WARN_STRICT_PROTOTYPES = YES;
				CLANG_WARN_SUSPICIOUS_MOVE = YES;
				CLANG_WARN_UNGUARDED_AVAILABILITY = YES_AGGRESSIVE;
				CLANG_WARN_UNREACHABLE_CODE = YES;
				CLANG_WARN__DUPLICATE_METHOD_MATCH = YES;
				COPY_PHASE_STRIP = NO;
				DEBUG_INFORMATION_FORMAT = "dwarf-with-dsym";
				ENABLE_NS_ASSERTIONS = NO;
				ENABLE_STRICT_OBJC_MSGSEND = YES;
				GCC_C_LANGUAGE_STANDARD = gnu11;
				GCC_NO_COMMON_BLOCKS = YES;
				GCC_WARN_64_TO_32_BIT_CONVERSION = YES;
				GCC_WARN_ABOUT_RETURN_TYPE = YES_ERROR;
				GCC_WARN_UNDECLARED_SELECTOR = YES;
				GCC_WARN_UNINITIALIZED_AUTOS = YES_AGGRESSIVE;
				GCC_WARN_UNUSED_FUNCTION = YES;
				GCC_WARN_UNUSED_VARIABLE = YES;
				IPHONEOS_DEPLOYMENT_TARGET = 14.5;
				MTL_ENABLE_DEBUG_INFO = NO;
				MTL_FAST_MATH = YES;
				SDKROOT = iphoneos;
				SWIFT_COMPILATION_MODE = wholemodule;
				SWIFT_OPTIMIZATION_LEVEL = "-O";
				VALIDATE_PRODUCT = YES;
			};
			name = Release;
		};
		3C4BED02267FE418006D069C /* Debug */ = {
			isa = XCBuildConfiguration;
			buildSettings = {
				ASSETCATALOG_COMPILER_APPICON_NAME = AppIcon;
				ASSETCATALOG_COMPILER_GLOBAL_ACCENT_COLOR_NAME = AccentColor;
				CODE_SIGN_STYLE = Automatic;
				DEVELOPMENT_TEAM = 3XC9C6N3P4;
				INFOPLIST_FILE = SampleWebView/Info.plist;
				LD_RUNPATH_SEARCH_PATHS = (
					"$(inherited)",
					"@executable_path/Frameworks",
				);
				PRODUCT_BUNDLE_IDENTIFIER = shingu.SampleWebView;
				PRODUCT_NAME = "$(TARGET_NAME)";
				SWIFT_VERSION = 5.0;
				TARGETED_DEVICE_FAMILY = "1,2";
			};
			name = Debug;
		};
		3C4BED03267FE418006D069C /* Release */ = {
			isa = XCBuildConfiguration;
			buildSettings = {
				ASSETCATALOG_COMPILER_APPICON_NAME = AppIcon;
				ASSETCATALOG_COMPILER_GLOBAL_ACCENT_COLOR_NAME = AccentColor;
				CODE_SIGN_STYLE = Automatic;
				DEVELOPMENT_TEAM = 3XC9C6N3P4;
				INFOPLIST_FILE = SampleWebView/Info.plist;
				LD_RUNPATH_SEARCH_PATHS = (
					"$(inherited)",
					"@executable_path/Frameworks",
				);
				PRODUCT_BUNDLE_IDENTIFIER = shingu.SampleWebView;
				PRODUCT_NAME = "$(TARGET_NAME)";
				SWIFT_VERSION = 5.0;
				TARGETED_DEVICE_FAMILY = "1,2";
			};
			name = Release;
		};
		3C4BED05267FE418006D069C /* Debug */ = {
			isa = XCBuildConfiguration;
			buildSettings = {
				ALWAYS_EMBED_SWIFT_STANDARD_LIBRARIES = YES;
				BUNDLE_LOADER = "$(TEST_HOST)";
				CODE_SIGN_STYLE = Automatic;
				DEVELOPMENT_TEAM = 3XC9C6N3P4;
				INFOPLIST_FILE = SampleWebViewTests/Info.plist;
				IPHONEOS_DEPLOYMENT_TARGET = 14.5;
				LD_RUNPATH_SEARCH_PATHS = (
					"$(inherited)",
					"@executable_path/Frameworks",
					"@loader_path/Frameworks",
				);
				PRODUCT_BUNDLE_IDENTIFIER = shingu.SampleWebViewTests;
				PRODUCT_NAME = "$(TARGET_NAME)";
				SWIFT_VERSION = 5.0;
				TARGETED_DEVICE_FAMILY = "1,2";
				TEST_HOST = "$(BUILT_PRODUCTS_DIR)/SampleWebView.app/SampleWebView";
			};
			name = Debug;
		};
		3C4BED06267FE418006D069C /* Release */ = {
			isa = XCBuildConfiguration;
			buildSettings = {
				ALWAYS_EMBED_SWIFT_STANDARD_LIBRARIES = YES;
				BUNDLE_LOADER = "$(TEST_HOST)";
				CODE_SIGN_STYLE = Automatic;
				DEVELOPMENT_TEAM = 3XC9C6N3P4;
				INFOPLIST_FILE = SampleWebViewTests/Info.plist;
				IPHONEOS_DEPLOYMENT_TARGET = 14.5;
				LD_RUNPATH_SEARCH_PATHS = (
					"$(inherited)",
					"@executable_path/Frameworks",
					"@loader_path/Frameworks",
				);
				PRODUCT_BUNDLE_IDENTIFIER = shingu.SampleWebViewTests;
				PRODUCT_NAME = "$(TARGET_NAME)";
				SWIFT_VERSION = 5.0;
				TARGETED_DEVICE_FAMILY = "1,2";
				TEST_HOST = "$(BUILT_PRODUCTS_DIR)/SampleWebView.app/SampleWebView";
			};
			name = Release;
		};
		3C4BED08267FE418006D069C /* Debug */ = {
			isa = XCBuildConfiguration;
			buildSettings = {
				ALWAYS_EMBED_SWIFT_STANDARD_LIBRARIES = YES;
				CODE_SIGN_STYLE = Automatic;
				DEVELOPMENT_TEAM = 3XC9C6N3P4;
				INFOPLIST_FILE = SampleWebViewUITests/Info.plist;
				LD_RUNPATH_SEARCH_PATHS = (
					"$(inherited)",
					"@executable_path/Frameworks",
					"@loader_path/Frameworks",
				);
				PRODUCT_BUNDLE_IDENTIFIER = shingu.SampleWebViewUITests;
				PRODUCT_NAME = "$(TARGET_NAME)";
				SWIFT_VERSION = 5.0;
				TARGETED_DEVICE_FAMILY = "1,2";
				TEST_TARGET_NAME = SampleWebView;
			};
			name = Debug;
		};
		3C4BED09267FE418006D069C /* Release */ = {
			isa = XCBuildConfiguration;
			buildSettings = {
				ALWAYS_EMBED_SWIFT_STANDARD_LIBRARIES = YES;
				CODE_SIGN_STYLE = Automatic;
				DEVELOPMENT_TEAM = 3XC9C6N3P4;
				INFOPLIST_FILE = SampleWebViewUITests/Info.plist;
				LD_RUNPATH_SEARCH_PATHS = (
					"$(inherited)",
					"@executable_path/Frameworks",
					"@loader_path/Frameworks",
				);
				PRODUCT_BUNDLE_IDENTIFIER = shingu.SampleWebViewUITests;
				PRODUCT_NAME = "$(TARGET_NAME)";
				SWIFT_VERSION = 5.0;
				TARGETED_DEVICE_FAMILY = "1,2";
				TEST_TARGET_NAME = SampleWebView;
			};
			name = Release;
		};
/* End XCBuildConfiguration section */

/* Begin XCConfigurationList section */
		3C4BECD2267FE418006D069C /* Build configuration list for PBXProject "SampleWebView" */ = {
			isa = XCConfigurationList;
			buildConfigurations = (
				3C4BECFF267FE418006D069C /* Debug */,
				3C4BED00267FE418006D069C /* Release */,
			);
			defaultConfigurationIsVisible = 0;
			defaultConfigurationName = Release;
		};
		3C4BED01267FE418006D069C /* Build configuration list for PBXNativeTarget "SampleWebView" */ = {
			isa = XCConfigurationList;
			buildConfigurations = (
				3C4BED02267FE418006D069C /* Debug */,
				3C4BED03267FE418006D069C /* Release */,
			);
			defaultConfigurationIsVisible = 0;
			defaultConfigurationName = Release;
		};
		3C4BED04267FE418006D069C /* Build configuration list for PBXNativeTarget "SampleWebViewTests" */ = {
			isa = XCConfigurationList;
			buildConfigurations = (
				3C4BED05267FE418006D069C /* Debug */,
				3C4BED06267FE418006D069C /* Release */,
			);
			defaultConfigurationIsVisible = 0;
			defaultConfigurationName = Release;
		};
		3C4BED07267FE418006D069C /* Build configuration list for PBXNativeTarget "SampleWebViewUITests" */ = {
			isa = XCConfigurationList;
			buildConfigurations = (
				3C4BED08267FE418006D069C /* Debug */,
				3C4BED09267FE418006D069C /* Release */,
			);
			defaultConfigurationIsVisible = 0;
			defaultConfigurationName = Release;
		};
/* End XCConfigurationList section */
	};
	rootObject = 3C4BECCF267FE418006D069C /* Project object */;
}
